
Microsoft Visual Studio Solution File, Format Version 12.00
# Visual Studio Version 17
VisualStudioVersion = 17.8.34525.116
MinimumVisualStudioVersion = 10.0.40219.1
Project("{FAE04EC0-301F-11D3-BF4B-00C04F79EFBC}") = "Inheritance_Polymorphism3", "Inheritance_Polymorphism3\Inheritance_Polymorphism3.csproj", "{73C8B387-12BF-4A17-9CCC-8CE2F238FB4C}"
EndProject
Global
	GlobalSection(SolutionConfigurationPlatforms) = preSolution
		Debug|Any CPU = Debug|Any CPU
		Release|Any CPU = Release|Any CPU
	EndGlobalSection
	GlobalSection(ProjectConfigurationPlatforms) = postSolution
		{73C8B387-12BF-4A17-9CCC-8CE2F238FB4C}.Debug|Any CPU.ActiveCfg = Debug|Any CPU
		{73C8B387-12BF-4A17-9CCC-8CE2F238FB4C}.Debug|Any CPU.Build.0 = Debug|Any CPU
		{73C8B387-12BF-4A17-9CCC-8CE2F238FB4C}.Release|Any CPU.ActiveCfg = Release|Any CPU
		{73C8B387-12BF-4A17-9CCC-8CE2F238FB4C}.Release|Any CPU.Build.0 = Release|Any CPU
	EndGlobalSection
	GlobalSection(SolutionProperties) = preSolution
		HideSolutionNode = FALSE
	EndGlobalSection
	GlobalSection(ExtensibilityGlobals) = postSolution
		SolutionGuid = {42FCFDE5-08CB-4D6F-AEE7-4BC8DDA810CC}
	EndGlobalSection
EndGlobal
